// !$*UTF8*$!
{
	archiveVersion = 1;
	classes = {
	};
	objectVersion = 56;
	objects = {

/* Begin PBXBuildFile section */
		AC1EDB342AE26BD1009B45C9 /* Building Theme.swift in Sources */ = {isa = PBXBuildFile; fileRef = AC1EDB332AE26BD1009B45C9 /* Building Theme.swift */; };
		AC9394082AD930C8001DF267 /* Building.swift in Sources */ = {isa = PBXBuildFile; fileRef = AC9394072AD930C8001DF267 /* Building.swift */; };
		AC93940A2AD93180001DF267 /* BuildingListsView.swift in Sources */ = {isa = PBXBuildFile; fileRef = AC9394092AD93180001DF267 /* BuildingListsView.swift */; };
		ACAF07A32AFE2B01005A20E1 /* DataManager.swift in Sources */ = {isa = PBXBuildFile; fileRef = ACAF07A22AFE2B01005A20E1 /* DataManager.swift */; };
		ACB4AE3A2ACFF62500B2F96E /* Lab1App.swift in Sources */ = {isa = PBXBuildFile; fileRef = ACB4AE392ACFF62500B2F96E /* Lab1App.swift */; };
		ACB4AE3C2ACFF62500B2F96E /* BuildingDetailView.swift in Sources */ = {isa = PBXBuildFile; fileRef = ACB4AE3B2ACFF62500B2F96E /* BuildingDetailView.swift */; };
		ACB4AE3E2ACFF62600B2F96E /* Assets.xcassets in Resources */ = {isa = PBXBuildFile; fileRef = ACB4AE3D2ACFF62600B2F96E /* Assets.xcassets */; };
		ACB4AE412ACFF62600B2F96E /* Preview Assets.xcassets in Resources */ = {isa = PBXBuildFile; fileRef = ACB4AE402ACFF62600B2F96E /* Preview Assets.xcassets */; };
		ACB4AE4B2ACFF62600B2F96E /* Lab1Tests.swift in Sources */ = {isa = PBXBuildFile; fileRef = ACB4AE4A2ACFF62600B2F96E /* Lab1Tests.swift */; };
		ACB4AE552ACFF62600B2F96E /* Lab1UITests.swift in Sources */ = {isa = PBXBuildFile; fileRef = ACB4AE542ACFF62600B2F96E /* Lab1UITests.swift */; };
		ACB4AE572ACFF62600B2F96E /* Lab1UITestsLaunchTests.swift in Sources */ = {isa = PBXBuildFile; fileRef = ACB4AE562ACFF62600B2F96E /* Lab1UITestsLaunchTests.swift */; };
/* End PBXBuildFile section */

/* Begin PBXContainerItemProxy section */
		ACB4AE472ACFF62600B2F96E /* PBXContainerItemProxy */ = {
			isa = PBXContainerItemProxy;
			containerPortal = ACB4AE2E2ACFF62500B2F96E /* Project object */;
			proxyType = 1;
			remoteGlobalIDString = ACB4AE352ACFF62500B2F96E;
			remoteInfo = Lab1;
		};
		ACB4AE512ACFF62600B2F96E /* PBXContainerItemProxy */ = {
			isa = PBXContainerItemProxy;
			containerPortal = ACB4AE2E2ACFF62500B2F96E /* Project object */;
			proxyType = 1;
			remoteGlobalIDString = ACB4AE352ACFF62500B2F96E;
			remoteInfo = Lab1;
		};
/* End PBXContainerItemProxy section */

/* Begin PBXFileReference section */
		AC1EDB332AE26BD1009B45C9 /* Building Theme.swift */ = {isa = PBXFileReference; lastKnownFileType = sourcecode.swift; path = "Building Theme.swift"; sourceTree = "<group>"; };
		AC9394072AD930C8001DF267 /* Building.swift */ = {isa = PBXFileReference; lastKnownFileType = sourcecode.swift; path = Building.swift; sourceTree = "<group>"; };
		AC9394092AD93180001DF267 /* BuildingListsView.swift */ = {isa = PBXFileReference; lastKnownFileType = sourcecode.swift; path = BuildingListsView.swift; sourceTree = "<group>"; };
		ACAF07A22AFE2B01005A20E1 /* DataManager.swift */ = {isa = PBXFileReference; lastKnownFileType = sourcecode.swift; path = DataManager.swift; sourceTree = "<group>"; };
		ACB4AE362ACFF62500B2F96E /* Lab1.app */ = {isa = PBXFileReference; explicitFileType = wrapper.application; includeInIndex = 0; path = Lab1.app; sourceTree = BUILT_PRODUCTS_DIR; };
		ACB4AE392ACFF62500B2F96E /* Lab1App.swift */ = {isa = PBXFileReference; lastKnownFileType = sourcecode.swift; path = Lab1App.swift; sourceTree = "<group>"; };
		ACB4AE3B2ACFF62500B2F96E /* BuildingDetailView.swift */ = {isa = PBXFileReference; lastKnownFileType = sourcecode.swift; path = BuildingDetailView.swift; sourceTree = "<group>"; };
		ACB4AE3D2ACFF62600B2F96E /* Assets.xcassets */ = {isa = PBXFileReference; lastKnownFileType = folder.assetcatalog; path = Assets.xcassets; sourceTree = "<group>"; };
		ACB4AE402ACFF62600B2F96E /* Preview Assets.xcassets */ = {isa = PBXFileReference; lastKnownFileType = folder.assetcatalog; path = "Preview Assets.xcassets"; sourceTree = "<group>"; };
		ACB4AE462ACFF62600B2F96E /* Lab1Tests.xctest */ = {isa = PBXFileReference; explicitFileType = wrapper.cfbundle; includeInIndex = 0; path = Lab1Tests.xctest; sourceTree = BUILT_PRODUCTS_DIR; };
		ACB4AE4A2ACFF62600B2F96E /* Lab1Tests.swift */ = {isa = PBXFileReference; lastKnownFileType = sourcecode.swift; path = Lab1Tests.swift; sourceTree = "<group>"; };
		ACB4AE502ACFF62600B2F96E /* Lab1UITests.xctest */ = {isa = PBXFileReference; explicitFileType = wrapper.cfbundle; includeInIndex = 0; path = Lab1UITests.xctest; sourceTree = BUILT_PRODUCTS_DIR; };
		ACB4AE542ACFF62600B2F96E /* Lab1UITests.swift */ = {isa = PBXFileReference; lastKnownFileType = sourcecode.swift; path = Lab1UITests.swift; sourceTree = "<group>"; };
		ACB4AE562ACFF62600B2F96E /* Lab1UITestsLaunchTests.swift */ = {isa = PBXFileReference; lastKnownFileType = sourcecode.swift; path = Lab1UITestsLaunchTests.swift; sourceTree = "<group>"; };
/* End PBXFileReference section */

/* Begin PBXFrameworksBuildPhase section */
		ACB4AE332ACFF62500B2F96E /* Frameworks */ = {
			isa = PBXFrameworksBuildPhase;
			buildActionMask = 2147483647;
			files = (
			);
			runOnlyForDeploymentPostprocessing = 0;
		};
		ACB4AE432ACFF62600B2F96E /* Frameworks */ = {
			isa = PBXFrameworksBuildPhase;
			buildActionMask = 2147483647;
			files = (
			);
			runOnlyForDeploymentPostprocessing = 0;
		};
		ACB4AE4D2ACFF62600B2F96E /* Frameworks */ = {
			isa = PBXFrameworksBuildPhase;
			buildActionMask = 2147483647;
			files = (
			);
			runOnlyForDeploymentPostprocessing = 0;
		};
/* End PBXFrameworksBuildPhase section */

/* Begin PBXGroup section */
		AC1EDB322AE26BB2009B45C9 /* Themes */ = {
			isa = PBXGroup;
			children = (
				AC1EDB332AE26BD1009B45C9 /* Building Theme.swift */,
			);
			path = Themes;
			sourceTree = "<group>";
		};
		AC9394062AD930A6001DF267 /* Model */ = {
			isa = PBXGroup;
			children = (
				AC9394072AD930C8001DF267 /* Building.swift */,
			);
			path = Model;
			sourceTree = "<group>";
		};
		ACAF07A12AFE2AEA005A20E1 /* API */ = {
			isa = PBXGroup;
			children = (
				ACAF07A22AFE2B01005A20E1 /* DataManager.swift */,
			);
			path = API;
			sourceTree = "<group>";
		};
		ACB4AE2D2ACFF62500B2F96E = {
			isa = PBXGroup;
			children = (
				ACB4AE382ACFF62500B2F96E /* Lab1 */,
				ACB4AE492ACFF62600B2F96E /* Lab1Tests */,
				ACB4AE532ACFF62600B2F96E /* Lab1UITests */,
				ACB4AE372ACFF62500B2F96E /* Products */,
			);
			sourceTree = "<group>";
		};
		ACB4AE372ACFF62500B2F96E /* Products */ = {
			isa = PBXGroup;
			children = (
				ACB4AE362ACFF62500B2F96E /* Lab1.app */,
				ACB4AE462ACFF62600B2F96E /* Lab1Tests.xctest */,
				ACB4AE502ACFF62600B2F96E /* Lab1UITests.xctest */,
			);
			name = Products;
			sourceTree = "<group>";
		};
		ACB4AE382ACFF62500B2F96E /* Lab1 */ = {
			isa = PBXGroup;
			children = (
				ACAF07A12AFE2AEA005A20E1 /* API */,
				AC1EDB322AE26BB2009B45C9 /* Themes */,
				AC9394062AD930A6001DF267 /* Model */,
				ACB4AE392ACFF62500B2F96E /* Lab1App.swift */,
				ACB4AE3D2ACFF62600B2F96E /* Assets.xcassets */,
				ACB4AE3F2ACFF62600B2F96E /* Preview Content */,
			);
			path = Lab1;
			sourceTree = "<group>";
		};
		ACB4AE3F2ACFF62600B2F96E /* Preview Content */ = {
			isa = PBXGroup;
			children = (
				AC9394092AD93180001DF267 /* BuildingListsView.swift */,
				ACB4AE3B2ACFF62500B2F96E /* BuildingDetailView.swift */,
				ACB4AE402ACFF62600B2F96E /* Preview Assets.xcassets */,
			);
			path = "Preview Content";
			sourceTree = "<group>";
		};
		ACB4AE492ACFF62600B2F96E /* Lab1Tests */ = {
			isa = PBXGroup;
			children = (
				ACB4AE4A2ACFF62600B2F96E /* Lab1Tests.swift */,
			);
			path = Lab1Tests;
			sourceTree = "<group>";
		};
		ACB4AE532ACFF62600B2F96E /* Lab1UITests */ = {
			isa = PBXGroup;
			children = (
				ACB4AE542ACFF62600B2F96E /* Lab1UITests.swift */,
				ACB4AE562ACFF62600B2F96E /* Lab1UITestsLaunchTests.swift */,
			);
			path = Lab1UITests;
			sourceTree = "<group>";
		};
/* End PBXGroup section */

/* Begin PBXNativeTarget section */
		ACB4AE352ACFF62500B2F96E /* Lab1 */ = {
			isa = PBXNativeTarget;
			buildConfigurationList = ACB4AE5A2ACFF62600B2F96E /* Build configuration list for PBXNativeTarget "Lab1" */;
			buildPhases = (
				ACB4AE322ACFF62500B2F96E /* Sources */,
				ACB4AE332ACFF62500B2F96E /* Frameworks */,
				ACB4AE342ACFF62500B2F96E /* Resources */,
			);
			buildRules = (
			);
			dependencies = (
			);
			name = Lab1;
			productName = Lab1;
			productReference = ACB4AE362ACFF62500B2F96E /* Lab1.app */;
			productType = "com.apple.product-type.application";
		};
		ACB4AE452ACFF62600B2F96E /* Lab1Tests */ = {
			isa = PBXNativeTarget;
			buildConfigurationList = ACB4AE5D2ACFF62600B2F96E /* Build configuration list for PBXNativeTarget "Lab1Tests" */;
			buildPhases = (
				ACB4AE422ACFF62600B2F96E /* Sources */,
				ACB4AE432ACFF62600B2F96E /* Frameworks */,
				ACB4AE442ACFF62600B2F96E /* Resources */,
			);
			buildRules = (
			);
			dependencies = (
				ACB4AE482ACFF62600B2F96E /* PBXTargetDependency */,
			);
			name = Lab1Tests;
			productName = Lab1Tests;
			productReference = ACB4AE462ACFF62600B2F96E /* Lab1Tests.xctest */;
			productType = "com.apple.product-type.bundle.unit-test";
		};
		ACB4AE4F2ACFF62600B2F96E /* Lab1UITests */ = {
			isa = PBXNativeTarget;
			buildConfigurationList = ACB4AE602ACFF62600B2F96E /* Build configuration list for PBXNativeTarget "Lab1UITests" */;
			buildPhases = (
				ACB4AE4C2ACFF62600B2F96E /* Sources */,
				ACB4AE4D2ACFF62600B2F96E /* Frameworks */,
				ACB4AE4E2ACFF62600B2F96E /* Resources */,
			);
			buildRules = (
			);
			dependencies = (
				ACB4AE522ACFF62600B2F96E /* PBXTargetDependency */,
			);
			name = Lab1UITests;
			productName = Lab1UITests;
			productReference = ACB4AE502ACFF62600B2F96E /* Lab1UITests.xctest */;
			productType = "com.apple.product-type.bundle.ui-testing";
		};
/* End PBXNativeTarget section */

/* Begin PBXProject section */
		ACB4AE2E2ACFF62500B2F96E /* Project object */ = {
			isa = PBXProject;
			attributes = {
				BuildIndependentTargetsInParallel = 1;
				LastSwiftUpdateCheck = 1500;
				LastUpgradeCheck = 1500;
				TargetAttributes = {
					ACB4AE352ACFF62500B2F96E = {
						CreatedOnToolsVersion = 15.0;
					};
					ACB4AE452ACFF62600B2F96E = {
						CreatedOnToolsVersion = 15.0;
						TestTargetID = ACB4AE352ACFF62500B2F96E;
					};
					ACB4AE4F2ACFF62600B2F96E = {
						CreatedOnToolsVersion = 15.0;
						TestTargetID = ACB4AE352ACFF62500B2F96E;
					};
				};
			};
			buildConfigurationList = ACB4AE312ACFF62500B2F96E /* Build configuration list for PBXProject "Lab1" */;
			compatibilityVersion = "Xcode 14.0";
			developmentRegion = en;
			hasScannedForEncodings = 0;
			knownRegions = (
				en,
				Base,
			);
			mainGroup = ACB4AE2D2ACFF62500B2F96E;
			productRefGroup = ACB4AE372ACFF62500B2F96E /* Products */;
			projectDirPath = "";
			projectRoot = "";
			targets = (
				ACB4AE352ACFF62500B2F96E /* Lab1 */,
				ACB4AE452ACFF62600B2F96E /* Lab1Tests */,
				ACB4AE4F2ACFF62600B2F96E /* Lab1UITests */,
			);
		};
/* End PBXProject section */

/* Begin PBXResourcesBuildPhase section */
		ACB4AE342ACFF62500B2F96E /* Resources */ = {
			isa = PBXResourcesBuildPhase;
			buildActionMask = 2147483647;
			files = (
				ACB4AE412ACFF62600B2F96E /* Preview Assets.xcassets in Resources */,
				ACB4AE3E2ACFF62600B2F96E /* Assets.xcassets in Resources */,
			);
			runOnlyForDeploymentPostprocessing = 0;
		};
		ACB4AE442ACFF62600B2F96E /* Resources */ = {
			isa = PBXResourcesBuildPhase;
			buildActionMask = 2147483647;
			files = (
			);
			runOnlyForDeploymentPostprocessing = 0;
		};
		ACB4AE4E2ACFF62600B2F96E /* Resources */ = {
			isa = PBXResourcesBuildPhase;
			buildActionMask = 2147483647;
			files = (
			);
			runOnlyForDeploymentPostprocessing = 0;
		};
/* End PBXResourcesBuildPhase section */

/* Begin PBXSourcesBuildPhase section */
		ACB4AE322ACFF62500B2F96E /* Sources */ = {
			isa = PBXSourcesBuildPhase;
			buildActionMask = 2147483647;
			files = (
				AC1EDB342AE26BD1009B45C9 /* Building Theme.swift in Sources */,
				ACAF07A32AFE2B01005A20E1 /* DataManager.swift in Sources */,
				ACB4AE3C2ACFF62500B2F96E /* BuildingDetailView.swift in Sources */,
				AC9394082AD930C8001DF267 /* Building.swift in Sources */,
				AC93940A2AD93180001DF267 /* BuildingListsView.swift in Sources */,
				ACB4AE3A2ACFF62500B2F96E /* Lab1App.swift in Sources */,
			);
			runOnlyForDeploymentPostprocessing = 0;
		};
		ACB4AE422ACFF62600B2F96E /* Sources */ = {
			isa = PBXSourcesBuildPhase;
			buildActionMask = 2147483647;
			files = (
				ACB4AE4B2ACFF62600B2F96E /* Lab1Tests.swift in Sources */,
			);
			runOnlyForDeploymentPostprocessing = 0;
		};
		ACB4AE4C2ACFF62600B2F96E /* Sources */ = {
			isa = PBXSourcesBuildPhase;
			buildActionMask = 2147483647;
			files = (
				ACB4AE572ACFF62600B2F96E /* Lab1UITestsLaunchTests.swift in Sources */,
				ACB4AE552ACFF62600B2F96E /* Lab1UITests.swift in Sources */,
			);
			runOnlyForDeploymentPostprocessing = 0;
		};
/* End PBXSourcesBuildPhase section */

/* Begin PBXTargetDependency section */
		ACB4AE482ACFF62600B2F96E /* PBXTargetDependency */ = {
			isa = PBXTargetDependency;
			target = ACB4AE352ACFF62500B2F96E /* Lab1 */;
			targetProxy = ACB4AE472ACFF62600B2F96E /* PBXContainerItemProxy */;
		};
		ACB4AE522ACFF62600B2F96E /* PBXTargetDependency */ = {
			isa = PBXTargetDependency;
			target = ACB4AE352ACFF62500B2F96E /* Lab1 */;
			targetProxy = ACB4AE512ACFF62600B2F96E /* PBXContainerItemProxy */;
		};
/* End PBXTargetDependency section */

/* Begin XCBuildConfiguration section */
		ACB4AE582ACFF62600B2F96E /* Debug */ = {
			isa = XCBuildConfiguration;
			buildSettings = {
				ALWAYS_SEARCH_USER_PATHS = NO;
				ASSETCATALOG_COMPILER_GENERATE_SWIFT_ASSET_SYMBOL_EXTENSIONS = YES;
				CLANG_ANALYZER_NONNULL = YES;
				CLANG_ANALYZER_NUMBER_OBJECT_CONVERSION = YES_AGGRESSIVE;
				CLANG_CXX_LANGUAGE_STANDARD = "gnu++20";
				CLANG_ENABLE_MODULES = YES;
				CLANG_ENABLE_OBJC_ARC = YES;
				CLANG_ENABLE_OBJC_WEAK = YES;
				CLANG_WARN_BLOCK_CAPTURE_AUTORELEASING = YES;
				CLANG_WARN_BOOL_CONVERSION = YES;
				CLANG_WARN_COMMA = YES;
				CLANG_WARN_CONSTANT_CONVERSION = YES;
				CLANG_WARN_DEPRECATED_OBJC_IMPLEMENTATIONS = YES;
				CLANG_WARN_DIRECT_OBJC_ISA_USAGE = YES_ERROR;
				CLANG_WARN_DOCUMENTATION_COMMENTS = YES;
				CLANG_WARN_EMPTY_BODY = YES;
				CLANG_WARN_ENUM_CONVERSION = YES;
				CLANG_WARN_INFINITE_RECURSION = YES;
				CLANG_WARN_INT_CONVERSION = YES;
				CLANG_WARN_NON_LITERAL_NULL_CONVERSION = YES;
				CLANG_WARN_OBJC_IMPLICIT_RETAIN_SELF = YES;
				CLANG_WARN_OBJC_LITERAL_CONVERSION = YES;
				CLANG_WARN_OBJC_ROOT_CLASS = YES_ERROR;
				CLANG_WARN_QUOTED_INCLUDE_IN_FRAMEWORK_HEADER = YES;
				CLANG_WARN_RANGE_LOOP_ANALYSIS = YES;
				CLANG_WARN_STRICT_PROTOTYPES = YES;
				CLANG_WARN_SUSPICIOUS_MOVE = YES;
				CLANG_WARN_UNGUARDED_AVAILABILITY = YES_AGGRESSIVE;
				CLANG_WARN_UNREACHABLE_CODE = YES;
				CLANG_WARN__DUPLICATE_METHOD_MATCH = YES;
				COPY_PHASE_STRIP = NO;
				DEBUG_INFORMATION_FORMAT = dwarf;
				ENABLE_STRICT_OBJC_MSGSEND = YES;
				ENABLE_TESTABILITY = YES;
				ENABLE_USER_SCRIPT_SANDBOXING = YES;
				GCC_C_LANGUAGE_STANDARD = gnu17;
				GCC_DYNAMIC_NO_PIC = NO;
				GCC_NO_COMMON_BLOCKS = YES;
				GCC_OPTIMIZATION_LEVEL = 0;
				GCC_PREPROCESSOR_DEFINITIONS = (
					"DEBUG=1",
					"$(inherited)",
				);
				GCC_WARN_64_TO_32_BIT_CONVERSION = YES;
				GCC_WARN_ABOUT_RETURN_TYPE = YES_ERROR;
				GCC_WARN_UNDECLARED_SELECTOR = YES;
				GCC_WARN_UNINITIALIZED_AUTOS = YES_AGGRESSIVE;
				GCC_WARN_UNUSED_FUNCTION = YES;
				GCC_WARN_UNUSED_VARIABLE = YES;
				IPHONEOS_DEPLOYMENT_TARGET = 17.0;
				LOCALIZATION_PREFERS_STRING_CATALOGS = YES;
				MTL_ENABLE_DEBUG_INFO = INCLUDE_SOURCE;
				MTL_FAST_MATH = YES;
				ONLY_ACTIVE_ARCH = YES;
				SDKROOT = iphoneos;
				SWIFT_ACTIVE_COMPILATION_CONDITIONS = "DEBUG $(inherited)";
				SWIFT_OPTIMIZATION_LEVEL = "-Onone";
			};
			name = Debug;
		};
		ACB4AE592ACFF62600B2F96E /* Release */ = {
			isa = XCBuildConfiguration;
			buildSettings = {
				ALWAYS_SEARCH_USER_PATHS = NO;
				ASSETCATALOG_COMPILER_GENERATE_SWIFT_ASSET_SYMBOL_EXTENSIONS = YES;
				CLANG_ANALYZER_NONNULL = YES;
				CLANG_ANALYZER_NUMBER_OBJECT_CONVERSION = YES_AGGRESSIVE;
				CLANG_CXX_LANGUAGE_STANDARD = "gnu++20";
				CLANG_ENABLE_MODULES = YES;
				CLANG_ENABLE_OBJC_ARC = YES;
				CLANG_ENABLE_OBJC_WEAK = YES;
				CLANG_WARN_BLOCK_CAPTURE_AUTORELEASING = YES;
				CLANG_WARN_BOOL_CONVERSION = YES;
				CLANG_WARN_COMMA = YES;
				CLANG_WARN_CONSTANT_CONVERSION = YES;
				CLANG_WARN_DEPRECATED_OBJC_IMPLEMENTATIONS = YES;
				CLANG_WARN_DIRECT_OBJC_ISA_USAGE = YES_ERROR;
				CLANG_WARN_DOCUMENTATION_COMMENTS = YES;
				CLANG_WARN_EMPTY_BODY = YES;
				CLANG_WARN_ENUM_CONVERSION = YES;
				CLANG_WARN_INFINITE_RECURSION = YES;
				CLANG_WARN_INT_CONVERSION = YES;
				CLANG_WARN_NON_LITERAL_NULL_CONVERSION = YES;
				CLANG_WARN_OBJC_IMPLICIT_RETAIN_SELF = YES;
				CLANG_WARN_OBJC_LITERAL_CONVERSION = YES;
				CLANG_WARN_OBJC_ROOT_CLASS = YES_ERROR;
				CLANG_WARN_QUOTED_INCLUDE_IN_FRAMEWORK_HEADER = YES;
				CLANG_WARN_RANGE_LOOP_ANALYSIS = YES;
				CLANG_WARN_STRICT_PROTOTYPES = YES;
				CLANG_WARN_SUSPICIOUS_MOVE = YES;
				CLANG_WARN_UNGUARDED_AVAILABILITY = YES_AGGRESSIVE;
				CLANG_WARN_UNREACHABLE_CODE = YES;
				CLANG_WARN__DUPLICATE_METHOD_MATCH = YES;
				COPY_PHASE_STRIP = NO;
				DEBUG_INFORMATION_FORMAT = "dwarf-with-dsym";
				ENABLE_NS_ASSERTIONS = NO;
				ENABLE_STRICT_OBJC_MSGSEND = YES;
				ENABLE_USER_SCRIPT_SANDBOXING = YES;
				GCC_C_LANGUAGE_STANDARD = gnu17;
				GCC_NO_COMMON_BLOCKS = YES;
				GCC_WARN_64_TO_32_BIT_CONVERSION = YES;
				GCC_WARN_ABOUT_RETURN_TYPE = YES_ERROR;
				GCC_WARN_UNDECLARED_SELECTOR = YES;
				GCC_WARN_UNINITIALIZED_AUTOS = YES_AGGRESSIVE;
				GCC_WARN_UNUSED_FUNCTION = YES;
				GCC_WARN_UNUSED_VARIABLE = YES;
				IPHONEOS_DEPLOYMENT_TARGET = 17.0;
				LOCALIZATION_PREFERS_STRING_CATALOGS = YES;
				MTL_ENABLE_DEBUG_INFO = NO;
				MTL_FAST_MATH = YES;
				SDKROOT = iphoneos;
				SWIFT_COMPILATION_MODE = wholemodule;
				VALIDATE_PRODUCT = YES;
			};
			name = Release;
		};
		ACB4AE5B2ACFF62600B2F96E /* Debug */ = {
			isa = XCBuildConfiguration;
			buildSettings = {
				ASSETCATALOG_COMPILER_APPICON_NAME = AppIcon;
				ASSETCATALOG_COMPILER_GLOBAL_ACCENT_COLOR_NAME = AccentColor;
				CODE_SIGN_STYLE = Automatic;
				CURRENT_PROJECT_VERSION = 1;
				DEVELOPMENT_ASSET_PATHS = "\"Lab1/Preview Content\"";
				ENABLE_PREVIEWS = YES;
				GENERATE_INFOPLIST_FILE = YES;
				INFOPLIST_KEY_UIApplicationSceneManifest_Generation = YES;
				INFOPLIST_KEY_UIApplicationSupportsIndirectInputEvents = YES;
				INFOPLIST_KEY_UILaunchScreen_Generation = YES;
				INFOPLIST_KEY_UISupportedInterfaceOrientations_iPad = "UIInterfaceOrientationPortrait UIInterfaceOrientationPortraitUpsideDown UIInterfaceOrientationLandscapeLeft UIInterfaceOrientationLandscapeRight";
				INFOPLIST_KEY_UISupportedInterfaceOrientations_iPhone = "UIInterfaceOrientationPortrait UIInterfaceOrientationLandscapeLeft UIInterfaceOrientationLandscapeRight";
				LD_RUNPATH_SEARCH_PATHS = (
					"$(inherited)",
					"@executable_path/Frameworks",
				);
				MARKETING_VERSION = 1.0;
				PRODUCT_BUNDLE_IDENTIFIER = pl.patryk.Lab1;
				PRODUCT_NAME = "$(TARGET_NAME)";
				SWIFT_EMIT_LOC_STRINGS = YES;
				SWIFT_VERSION = 5.0;
				TARGETED_DEVICE_FAMILY = "1,2";
			};
			name = Debug;
		};
		ACB4AE5C2ACFF62600B2F96E /* Release */ = {
			isa = XCBuildConfiguration;
			buildSettings = {
				ASSETCATALOG_COMPILER_APPICON_NAME = AppIcon;
				ASSETCATALOG_COMPILER_GLOBAL_ACCENT_COLOR_NAME = AccentColor;
				CODE_SIGN_STYLE = Automatic;
				CURRENT_PROJECT_VERSION = 1;
				DEVELOPMENT_ASSET_PATHS = "\"Lab1/Preview Content\"";
				ENABLE_PREVIEWS = YES;
				GENERATE_INFOPLIST_FILE = YES;
				INFOPLIST_KEY_UIApplicationSceneManifest_Generation = YES;
				INFOPLIST_KEY_UIApplicationSupportsIndirectInputEvents = YES;
				INFOPLIST_KEY_UILaunchScreen_Generation = YES;
				INFOPLIST_KEY_UISupportedInterfaceOrientations_iPad = "UIInterfaceOrientationPortrait UIInterfaceOrientationPortraitUpsideDown UIInterfaceOrientationLandscapeLeft UIInterfaceOrientationLandscapeRight";
				INFOPLIST_KEY_UISupportedInterfaceOrientations_iPhone = "UIInterfaceOrientationPortrait UIInterfaceOrientationLandscapeLeft UIInterfaceOrientationLandscapeRight";
				LD_RUNPATH_SEARCH_PATHS = (
					"$(inherited)",
					"@executable_path/Frameworks",
				);
				MARKETING_VERSION = 1.0;
				PRODUCT_BUNDLE_IDENTIFIER = pl.patryk.Lab1;
				PRODUCT_NAME = "$(TARGET_NAME)";
				SWIFT_EMIT_LOC_STRINGS = YES;
				SWIFT_VERSION = 5.0;
				TARGETED_DEVICE_FAMILY = "1,2";
			};
			name = Release;
		};
		ACB4AE5E2ACFF62600B2F96E /* Debug */ = {
			isa = XCBuildConfiguration;
			buildSettings = {
				ALWAYS_EMBED_SWIFT_STANDARD_LIBRARIES = YES;
				BUNDLE_LOADER = "$(TEST_HOST)";
				CODE_SIGN_STYLE = Automatic;
				CURRENT_PROJECT_VERSION = 1;
				GENERATE_INFOPLIST_FILE = YES;
				IPHONEOS_DEPLOYMENT_TARGET = 17.0;
				MARKETING_VERSION = 1.0;
				PRODUCT_BUNDLE_IDENTIFIER = pl.patryk.Lab1Tests;
				PRODUCT_NAME = "$(TARGET_NAME)";
				SWIFT_EMIT_LOC_STRINGS = NO;
				SWIFT_VERSION = 5.0;
				TARGETED_DEVICE_FAMILY = "1,2";
				TEST_HOST = "$(BUILT_PRODUCTS_DIR)/Lab1.app/$(BUNDLE_EXECUTABLE_FOLDER_PATH)/Lab1";
			};
			name = Debug;
		};
		ACB4AE5F2ACFF62600B2F96E /* Release */ = {
			isa = XCBuildConfiguration;
			buildSettings = {
				ALWAYS_EMBED_SWIFT_STANDARD_LIBRARIES = YES;
				BUNDLE_LOADER = "$(TEST_HOST)";
				CODE_SIGN_STYLE = Automatic;
				CURRENT_PROJECT_VERSION = 1;
				GENERATE_INFOPLIST_FILE = YES;
				IPHONEOS_DEPLOYMENT_TARGET = 17.0;
				MARKETING_VERSION = 1.0;
				PRODUCT_BUNDLE_IDENTIFIER = pl.patryk.Lab1Tests;
				PRODUCT_NAME = "$(TARGET_NAME)";
				SWIFT_EMIT_LOC_STRINGS = NO;
				SWIFT_VERSION = 5.0;
				TARGETED_DEVICE_FAMILY = "1,2";
				TEST_HOST = "$(BUILT_PRODUCTS_DIR)/Lab1.app/$(BUNDLE_EXECUTABLE_FOLDER_PATH)/Lab1";
			};
			name = Release;
		};
		ACB4AE612ACFF62600B2F96E /* Debug */ = {
			isa = XCBuildConfiguration;
			buildSettings = {
				ALWAYS_EMBED_SWIFT_STANDARD_LIBRARIES = YES;
				CODE_SIGN_STYLE = Automatic;
				CURRENT_PROJECT_VERSION = 1;
				GENERATE_INFOPLIST_FILE = YES;
				MARKETING_VERSION = 1.0;
				PRODUCT_BUNDLE_IDENTIFIER = pl.patryk.Lab1UITests;
				PRODUCT_NAME = "$(TARGET_NAME)";
				SWIFT_EMIT_LOC_STRINGS = NO;
				SWIFT_VERSION = 5.0;
				TARGETED_DEVICE_FAMILY = "1,2";
				TEST_TARGET_NAME = Lab1;
			};
			name = Debug;
		};
		ACB4AE622ACFF62600B2F96E /* Release */ = {
			isa = XCBuildConfiguration;
			buildSettings = {
				ALWAYS_EMBED_SWIFT_STANDARD_LIBRARIES = YES;
				CODE_SIGN_STYLE = Automatic;
				CURRENT_PROJECT_VERSION = 1;
				GENERATE_INFOPLIST_FILE = YES;
				MARKETING_VERSION = 1.0;
				PRODUCT_BUNDLE_IDENTIFIER = pl.patryk.Lab1UITests;
				PRODUCT_NAME = "$(TARGET_NAME)";
				SWIFT_EMIT_LOC_STRINGS = NO;
				SWIFT_VERSION = 5.0;
				TARGETED_DEVICE_FAMILY = "1,2";
				TEST_TARGET_NAME = Lab1;
			};
			name = Release;
		};
/* End XCBuildConfiguration section */

/* Begin XCConfigurationList section */
		ACB4AE312ACFF62500B2F96E /* Build configuration list for PBXProject "Lab1" */ = {
			isa = XCConfigurationList;
			buildConfigurations = (
				ACB4AE582ACFF62600B2F96E /* Debug */,
				ACB4AE592ACFF62600B2F96E /* Release */,
			);
			defaultConfigurationIsVisible = 0;
			defaultConfigurationName = Release;
		};
		ACB4AE5A2ACFF62600B2F96E /* Build configuration list for PBXNativeTarget "Lab1" */ = {
			isa = XCConfigurationList;
			buildConfigurations = (
				ACB4AE5B2ACFF62600B2F96E /* Debug */,
				ACB4AE5C2ACFF62600B2F96E /* Release */,
			);
			defaultConfigurationIsVisible = 0;
			defaultConfigurationName = Release;
		};
		ACB4AE5D2ACFF62600B2F96E /* Build configuration list for PBXNativeTarget "Lab1Tests" */ = {
			isa = XCConfigurationList;
			buildConfigurations = (
				ACB4AE5E2ACFF62600B2F96E /* Debug */,
				ACB4AE5F2ACFF62600B2F96E /* Release */,
			);
			defaultConfigurationIsVisible = 0;
			defaultConfigurationName = Release;
		};
		ACB4AE602ACFF62600B2F96E /* Build configuration list for PBXNativeTarget "Lab1UITests" */ = {
			isa = XCConfigurationList;
			buildConfigurations = (
				ACB4AE612ACFF62600B2F96E /* Debug */,
				ACB4AE622ACFF62600B2F96E /* Release */,
			);
			defaultConfigurationIsVisible = 0;
			defaultConfigurationName = Release;
		};
/* End XCConfigurationList section */
	};
	rootObject = ACB4AE2E2ACFF62500B2F96E /* Project object */;
}
